
Microsoft Visual Studio Solution File, Format Version 12.00
# Visual Studio 15
Project("{FAE04EC0-301F-11D3-BF4B-00C04F79EFBC}") = "Assembly-CSharp", "Assembly-CSharp.csproj", "{5D54DBEF-C3AA-3F15-F0AD-99459E5D4917}"
EndProject
Project("{FAE04EC0-301F-11D3-BF4B-00C04F79EFBC}") = "Assembly-CSharp-Editor", "Assembly-CSharp-Editor.csproj", "{4179C094-B245-2FD6-46F7-9C13A0FE956C}"
EndProject
Global
	GlobalSection(SolutionConfigurationPlatforms) = preSolution
		Debug|Any CPU = Debug|Any CPU
		Release|Any CPU = Release|Any CPU
	EndGlobalSection
	GlobalSection(ProjectConfigurationPlatforms) = postSolution
		{5D54DBEF-C3AA-3F15-F0AD-99459E5D4917}.Debug|Any CPU.ActiveCfg = Debug|Any CPU
		{5D54DBEF-C3AA-3F15-F0AD-99459E5D4917}.Debug|Any CPU.Build.0 = Debug|Any CPU
		{5D54DBEF-C3AA-3F15-F0AD-99459E5D4917}.Release|Any CPU.ActiveCfg = Release|Any CPU
		{5D54DBEF-C3AA-3F15-F0AD-99459E5D4917}.Release|Any CPU.Build.0 = Release|Any CPU
		{4179C094-B245-2FD6-46F7-9C13A0FE956C}.Debug|Any CPU.ActiveCfg = Debug|Any CPU
		{4179C094-B245-2FD6-46F7-9C13A0FE956C}.Debug|Any CPU.Build.0 = Debug|Any CPU
		{4179C094-B245-2FD6-46F7-9C13A0FE956C}.Release|Any CPU.ActiveCfg = Release|Any CPU
		{4179C094-B245-2FD6-46F7-9C13A0FE956C}.Release|Any CPU.Build.0 = Release|Any CPU
	EndGlobalSection
	GlobalSection(SolutionProperties) = preSolution
		HideSolutionNode = FALSE
	EndGlobalSection
EndGlobal
